// !$*UTF8*$!
{
	archiveVersion = 1;
	classes = {
	};
	objectVersion = 46;
	objects = {

/* Begin PBXBuildFile section */
		745E3ABA1AA654F000A2745F /* AppDelegate.swift in Sources */ = {isa = PBXBuildFile; fileRef = 745E3AB91AA654F000A2745F /* AppDelegate.swift */; };
		745E3ABC1AA654F000A2745F /* ViewController.swift in Sources */ = {isa = PBXBuildFile; fileRef = 745E3ABB1AA654F000A2745F /* ViewController.swift */; };
		745E3ABF1AA654F000A2745F /* Main.storyboard in Resources */ = {isa = PBXBuildFile; fileRef = 745E3ABD1AA654F000A2745F /* Main.storyboard */; };
		745E3AC11AA654F000A2745F /* Images.xcassets in Resources */ = {isa = PBXBuildFile; fileRef = 745E3AC01AA654F000A2745F /* Images.xcassets */; };
		745E3AC41AA654F000A2745F /* LaunchScreen.xib in Resources */ = {isa = PBXBuildFile; fileRef = 745E3AC21AA654F000A2745F /* LaunchScreen.xib */; };
		745E3AD01AA654F000A2745F /* CalculatorTests.swift in Sources */ = {isa = PBXBuildFile; fileRef = 745E3ACF1AA654F000A2745F /* CalculatorTests.swift */; };
/* End PBXBuildFile section */

/* Begin PBXContainerItemProxy section */
		745E3ACA1AA654F000A2745F /* PBXContainerItemProxy */ = {
			isa = PBXContainerItemProxy;
			containerPortal = 745E3AAC1AA654F000A2745F /* Project object */;
			proxyType = 1;
			remoteGlobalIDString = 745E3AB31AA654F000A2745F;
			remoteInfo = Calculator;
		};
/* End PBXContainerItemProxy section */

/* Begin PBXFileReference section */
		745E3AB41AA654F000A2745F /* Calculator.app */ = {isa = PBXFileReference; explicitFileType = wrapper.application; includeInIndex = 0; path = Calculator.app; sourceTree = BUILT_PRODUCTS_DIR; };
		745E3AB81AA654F000A2745F /* Info.plist */ = {isa = PBXFileReference; lastKnownFileType = text.plist.xml; path = Info.plist; sourceTree = "<group>"; };
		745E3AB91AA654F000A2745F /* AppDelegate.swift */ = {isa = PBXFileReference; lastKnownFileType = sourcecode.swift; path = AppDelegate.swift; sourceTree = "<group>"; };
		745E3ABB1AA654F000A2745F /* ViewController.swift */ = {isa = PBXFileReference; lastKnownFileType = sourcecode.swift; path = ViewController.swift; sourceTree = "<group>"; };
		745E3ABE1AA654F000A2745F /* Base */ = {isa = PBXFileReference; lastKnownFileType = file.storyboard; name = Base; path = Base.lproj/Main.storyboard; sourceTree = "<group>"; };
		745E3AC01AA654F000A2745F /* Images.xcassets */ = {isa = PBXFileReference; lastKnownFileType = folder.assetcatalog; path = Images.xcassets; sourceTree = "<group>"; };
		745E3AC31AA654F000A2745F /* Base */ = {isa = PBXFileReference; lastKnownFileType = file.xib; name = Base; path = Base.lproj/LaunchScreen.xib; sourceTree = "<group>"; };
		745E3AC91AA654F000A2745F /* CalculatorTests.xctest */ = {isa = PBXFileReference; explicitFileType = wrapper.cfbundle; includeInIndex = 0; path = CalculatorTests.xctest; sourceTree = BUILT_PRODUCTS_DIR; };
		745E3ACE1AA654F000A2745F /* Info.plist */ = {isa = PBXFileReference; lastKnownFileType = text.plist.xml; path = Info.plist; sourceTree = "<group>"; };
		745E3ACF1AA654F000A2745F /* CalculatorTests.swift */ = {isa = PBXFileReference; lastKnownFileType = sourcecode.swift; path = CalculatorTests.swift; sourceTree = "<group>"; };
/* End PBXFileReference section */

/* Begin PBXFrameworksBuildPhase section */
		745E3AB11AA654F000A2745F /* Frameworks */ = {
			isa = PBXFrameworksBuildPhase;
			buildActionMask = 2147483647;
			files = (
			);
			runOnlyForDeploymentPostprocessing = 0;
		};
		745E3AC61AA654F000A2745F /* Frameworks */ = {
			isa = PBXFrameworksBuildPhase;
			buildActionMask = 2147483647;
			files = (
			);
			runOnlyForDeploymentPostprocessing = 0;
		};
/* End PBXFrameworksBuildPhase section */

/* Begin PBXGroup section */
		745E3AAB1AA654F000A2745F = {
			isa = PBXGroup;
			children = (
				745E3AB61AA654F000A2745F /* Calculator */,
				745E3ACC1AA654F000A2745F /* CalculatorTests */,
				745E3AB51AA654F000A2745F /* Products */,
			);
			sourceTree = "<group>";
		};
		745E3AB51AA654F000A2745F /* Products */ = {
			isa = PBXGroup;
			children = (
				745E3AB41AA654F000A2745F /* Calculator.app */,
				745E3AC91AA654F000A2745F /* CalculatorTests.xctest */,
			);
			name = Products;
			sourceTree = "<group>";
		};
		745E3AB61AA654F000A2745F /* Calculator */ = {
			isa = PBXGroup;
			children = (
				745E3AB91AA654F000A2745F /* AppDelegate.swift */,
				745E3ABB1AA654F000A2745F /* ViewController.swift */,
				745E3ABD1AA654F000A2745F /* Main.storyboard */,
				745E3AC01AA654F000A2745F /* Images.xcassets */,
				745E3AC21AA654F000A2745F /* LaunchScreen.xib */,
				745E3AB71AA654F000A2745F /* Supporting Files */,
			);
			path = Calculator;
			sourceTree = "<group>";
		};
		745E3AB71AA654F000A2745F /* Supporting Files */ = {
			isa = PBXGroup;
			children = (
				745E3AB81AA654F000A2745F /* Info.plist */,
			);
			name = "Supporting Files";
			sourceTree = "<group>";
		};
		745E3ACC1AA654F000A2745F /* CalculatorTests */ = {
			isa = PBXGroup;
			children = (
				745E3ACF1AA654F000A2745F /* CalculatorTests.swift */,
				745E3ACD1AA654F000A2745F /* Supporting Files */,
			);
			path = CalculatorTests;
			sourceTree = "<group>";
		};
		745E3ACD1AA654F000A2745F /* Supporting Files */ = {
			isa = PBXGroup;
			children = (
				745E3ACE1AA654F000A2745F /* Info.plist */,
			);
			name = "Supporting Files";
			sourceTree = "<group>";
		};
/* End PBXGroup section */

/* Begin PBXNativeTarget section */
		745E3AB31AA654F000A2745F /* Calculator */ = {
			isa = PBXNativeTarget;
			buildConfigurationList = 745E3AD31AA654F000A2745F /* Build configuration list for PBXNativeTarget "Calculator" */;
			buildPhases = (
				745E3AB01AA654F000A2745F /* Sources */,
				745E3AB11AA654F000A2745F /* Frameworks */,
				745E3AB21AA654F000A2745F /* Resources */,
			);
			buildRules = (
			);
			dependencies = (
			);
			name = Calculator;
			productName = Calculator;
			productReference = 745E3AB41AA654F000A2745F /* Calculator.app */;
			productType = "com.apple.product-type.application";
		};
		745E3AC81AA654F000A2745F /* CalculatorTests */ = {
			isa = PBXNativeTarget;
			buildConfigurationList = 745E3AD61AA654F000A2745F /* Build configuration list for PBXNativeTarget "CalculatorTests" */;
			buildPhases = (
				745E3AC51AA654F000A2745F /* Sources */,
				745E3AC61AA654F000A2745F /* Frameworks */,
				745E3AC71AA654F000A2745F /* Resources */,
			);
			buildRules = (
			);
			dependencies = (
				745E3ACB1AA654F000A2745F /* PBXTargetDependency */,
			);
			name = CalculatorTests;
			productName = CalculatorTests;
			productReference = 745E3AC91AA654F000A2745F /* CalculatorTests.xctest */;
			productType = "com.apple.product-type.bundle.unit-test";
		};
/* End PBXNativeTarget section */

/* Begin PBXProject section */
		745E3AAC1AA654F000A2745F /* Project object */ = {
			isa = PBXProject;
			attributes = {
				LastUpgradeCheck = 0610;
				ORGANIZATIONNAME = "___EKTAVERMA___";
				TargetAttributes = {
					745E3AB31AA654F000A2745F = {
						CreatedOnToolsVersion = 6.1.1;
					};
					745E3AC81AA654F000A2745F = {
						CreatedOnToolsVersion = 6.1.1;
						TestTargetID = 745E3AB31AA654F000A2745F;
					};
				};
			};
			buildConfigurationList = 745E3AAF1AA654F000A2745F /* Build configuration list for PBXProject "Calculator" */;
			compatibilityVersion = "Xcode 3.2";
			developmentRegion = English;
			hasScannedForEncodings = 0;
			knownRegions = (
				en,
				Base,
			);
			mainGroup = 745E3AAB1AA654F000A2745F;
			productRefGroup = 745E3AB51AA654F000A2745F /* Products */;
			projectDirPath = "";
			projectRoot = "";
			targets = (
				745E3AB31AA654F000A2745F /* Calculator */,
				745E3AC81AA654F000A2745F /* CalculatorTests */,
			);
		};
/* End PBXProject section */

/* Begin PBXResourcesBuildPhase section */
		745E3AB21AA654F000A2745F /* Resources */ = {
			isa = PBXResourcesBuildPhase;
			buildActionMask = 2147483647;
			files = (
				745E3ABF1AA654F000A2745F /* Main.storyboard in Resources */,
				745E3AC41AA654F000A2745F /* LaunchScreen.xib in Resources */,
				745E3AC11AA654F000A2745F /* Images.xcassets in Resources */,
			);
			runOnlyForDeploymentPostprocessing = 0;
		};
		745E3AC71AA654F000A2745F /* Resources */ = {
			isa = PBXResourcesBuildPhase;
			buildActionMask = 2147483647;
			files = (
			);
			runOnlyForDeploymentPostprocessing = 0;
		};
/* End PBXResourcesBuildPhase section */

/* Begin PBXSourcesBuildPhase section */
		745E3AB01AA654F000A2745F /* Sources */ = {
			isa = PBXSourcesBuildPhase;
			buildActionMask = 2147483647;
			files = (
				745E3ABC1AA654F000A2745F /* ViewController.swift in Sources */,
				745E3ABA1AA654F000A2745F /* AppDelegate.swift in Sources */,
			);
			runOnlyForDeploymentPostprocessing = 0;
		};
		745E3AC51AA654F000A2745F /* Sources */ = {
			isa = PBXSourcesBuildPhase;
			buildActionMask = 2147483647;
			files = (
				745E3AD01AA654F000A2745F /* CalculatorTests.swift in Sources */,
			);
			runOnlyForDeploymentPostprocessing = 0;
		};
/* End PBXSourcesBuildPhase section */

/* Begin PBXTargetDependency section */
		745E3ACB1AA654F000A2745F /* PBXTargetDependency */ = {
			isa = PBXTargetDependency;
			target = 745E3AB31AA654F000A2745F /* Calculator */;
			targetProxy = 745E3ACA1AA654F000A2745F /* PBXContainerItemProxy */;
		};
/* End PBXTargetDependency section */

/* Begin PBXVariantGroup section */
		745E3ABD1AA654F000A2745F /* Main.storyboard */ = {
			isa = PBXVariantGroup;
			children = (
				745E3ABE1AA654F000A2745F /* Base */,
			);
			name = Main.storyboard;
			sourceTree = "<group>";
		};
		745E3AC21AA654F000A2745F /* LaunchScreen.xib */ = {
			isa = PBXVariantGroup;
			children = (
				745E3AC31AA654F000A2745F /* Base */,
			);
			name = LaunchScreen.xib;
			sourceTree = "<group>";
		};
/* End PBXVariantGroup section */

/* Begin XCBuildConfiguration section */
		745E3AD11AA654F000A2745F /* Debug */ = {
			isa = XCBuildConfiguration;
			buildSettings = {
				ALWAYS_SEARCH_USER_PATHS = NO;
				CLANG_CXX_LANGUAGE_STANDARD = "gnu++0x";
				CLANG_CXX_LIBRARY = "libc++";
				CLANG_ENABLE_MODULES = YES;
				CLANG_ENABLE_OBJC_ARC = YES;
				CLANG_WARN_BOOL_CONVERSION = YES;
				CLANG_WARN_CONSTANT_CONVERSION = YES;
				CLANG_WARN_DIRECT_OBJC_ISA_USAGE = YES_ERROR;
				CLANG_WARN_EMPTY_BODY = YES;
				CLANG_WARN_ENUM_CONVERSION = YES;
				CLANG_WARN_INT_CONVERSION = YES;
				CLANG_WARN_OBJC_ROOT_CLASS = YES_ERROR;
				CLANG_WARN_UNREACHABLE_CODE = YES;
				CLANG_WARN__DUPLICATE_METHOD_MATCH = YES;
				"CODE_SIGN_IDENTITY[sdk=iphoneos*]" = "iPhone Developer";
				COPY_PHASE_STRIP = NO;
				ENABLE_STRICT_OBJC_MSGSEND = YES;
				GCC_C_LANGUAGE_STANDARD = gnu99;
				GCC_DYNAMIC_NO_PIC = NO;
				GCC_OPTIMIZATION_LEVEL = 0;
				GCC_PREPROCESSOR_DEFINITIONS = (
					"DEBUG=1",
					"$(inherited)",
				);
				GCC_SYMBOLS_PRIVATE_EXTERN = NO;
				GCC_WARN_64_TO_32_BIT_CONVERSION = YES;
				GCC_WARN_ABOUT_RETURN_TYPE = YES_ERROR;
				GCC_WARN_UNDECLARED_SELECTOR = YES;
				GCC_WARN_UNINITIALIZED_AUTOS = YES_AGGRESSIVE;
				GCC_WARN_UNUSED_FUNCTION = YES;
				GCC_WARN_UNUSED_VARIABLE = YES;
				IPHONEOS_DEPLOYMENT_TARGET = 8.1;
				MTL_ENABLE_DEBUG_INFO = YES;
				ONLY_ACTIVE_ARCH = YES;
				SDKROOT = iphoneos;
				SWIFT_OPTIMIZATION_LEVEL = "-Onone";
				TARGETED_DEVICE_FAMILY = "1,2";
			};
			name = Debug;
		};
		745E3AD21AA654F000A2745F /* Release */ = {
			isa = XCBuildConfiguration;
			buildSettings = {
				ALWAYS_SEARCH_USER_PATHS = NO;
				CLANG_CXX_LANGUAGE_STANDARD = "gnu++0x";
				CLANG_CXX_LIBRARY = "libc++";
				CLANG_ENABLE_MODULES = YES;
				CLANG_ENABLE_OBJC_ARC = YES;
				CLANG_WARN_BOOL_CONVERSION = YES;
				CLANG_WARN_CONSTANT_CONVERSION = YES;
				CLANG_WARN_DIRECT_OBJC_ISA_USAGE = YES_ERROR;
				CLANG_WARN_EMPTY_BODY = YES;
				CLANG_WARN_ENUM_CONVERSION = YES;
				CLANG_WARN_INT_CONVERSION = YES;
				CLANG_WARN_OBJC_ROOT_CLASS = YES_ERROR;
				CLANG_WARN_UNREACHABLE_CODE = YES;
				CLANG_WARN__DUPLICATE_METHOD_MATCH = YES;
				"CODE_SIGN_IDENTITY[sdk=iphoneos*]" = "iPhone Developer";
				COPY_PHASE_STRIP = YES;
				ENABLE_NS_ASSERTIONS = NO;
				ENABLE_STRICT_OBJC_MSGSEND = YES;
				GCC_C_LANGUAGE_STANDARD = gnu99;
				GCC_WARN_64_TO_32_BIT_CONVERSION = YES;
				GCC_WARN_ABOUT_RETURN_TYPE = YES_ERROR;
				GCC_WARN_UNDECLARED_SELECTOR = YES;
				GCC_WARN_UNINITIALIZED_AUTOS = YES_AGGRESSIVE;
				GCC_WARN_UNUSED_FUNCTION = YES;
				GCC_WARN_UNUSED_VARIABLE = YES;
				IPHONEOS_DEPLOYMENT_TARGET = 8.1;
				MTL_ENABLE_DEBUG_INFO = NO;
				SDKROOT = iphoneos;
				TARGETED_DEVICE_FAMILY = "1,2";
				VALIDATE_PRODUCT = YES;
			};
			name = Release;
		};
		745E3AD41AA654F000A2745F /* Debug */ = {
			isa = XCBuildConfiguration;
			buildSettings = {
				ASSETCATALOG_COMPILER_APPICON_NAME = AppIcon;
				INFOPLIST_FILE = Calculator/Info.plist;
				LD_RUNPATH_SEARCH_PATHS = "$(inherited) @executable_path/Frameworks";
				PRODUCT_NAME = "$(TARGET_NAME)";
			};
			name = Debug;
		};
		745E3AD51AA654F000A2745F /* Release */ = {
			isa = XCBuildConfiguration;
			buildSettings = {
				ASSETCATALOG_COMPILER_APPICON_NAME = AppIcon;
				INFOPLIST_FILE = Calculator/Info.plist;
				LD_RUNPATH_SEARCH_PATHS = "$(inherited) @executable_path/Frameworks";
				PRODUCT_NAME = "$(TARGET_NAME)";
			};
			name = Release;
		};
		745E3AD71AA654F000A2745F /* Debug */ = {
			isa = XCBuildConfiguration;
			buildSettings = {
				BUNDLE_LOADER = "$(TEST_HOST)";
				FRAMEWORK_SEARCH_PATHS = (
					"$(SDKROOT)/Developer/Library/Frameworks",
					"$(inherited)",
				);
				GCC_PREPROCESSOR_DEFINITIONS = (
					"DEBUG=1",
					"$(inherited)",
				);
				INFOPLIST_FILE = CalculatorTests/Info.plist;
				LD_RUNPATH_SEARCH_PATHS = "$(inherited) @executable_path/Frameworks @loader_path/Frameworks";
				PRODUCT_NAME = "$(TARGET_NAME)";
				TEST_HOST = "$(BUILT_PRODUCTS_DIR)/Calculator.app/Calculator";
			};
			name = Debug;
		};
		745E3AD81AA654F000A2745F /* Release */ = {
			isa = XCBuildConfiguration;
			buildSettings = {
				BUNDLE_LOADER = "$(TEST_HOST)";
				FRAMEWORK_SEARCH_PATHS = (
					"$(SDKROOT)/Developer/Library/Frameworks",
					"$(inherited)",
				);
				INFOPLIST_FILE = CalculatorTests/Info.plist;
				LD_RUNPATH_SEARCH_PATHS = "$(inherited) @executable_path/Frameworks @loader_path/Frameworks";
				PRODUCT_NAME = "$(TARGET_NAME)";
				TEST_HOST = "$(BUILT_PRODUCTS_DIR)/Calculator.app/Calculator";
			};
			name = Release;
		};
/* End XCBuildConfiguration section */

/* Begin XCConfigurationList section */
		745E3AAF1AA654F000A2745F /* Build configuration list for PBXProject "Calculator" */ = {
			isa = XCConfigurationList;
			buildConfigurations = (
				745E3AD11AA654F000A2745F /* Debug */,
				745E3AD21AA654F000A2745F /* Release */,
			);
			defaultConfigurationIsVisible = 0;
			defaultConfigurationName = Release;
		};
		745E3AD31AA654F000A2745F /* Build configuration list for PBXNativeTarget "Calculator" */ = {
			isa = XCConfigurationList;
			buildConfigurations = (
				745E3AD41AA654F000A2745F /* Debug */,
				745E3AD51AA654F000A2745F /* Release */,
			);
			defaultConfigurationIsVisible = 0;
		};
		745E3AD61AA654F000A2745F /* Build configuration list for PBXNativeTarget "CalculatorTests" */ = {
			isa = XCConfigurationList;
			buildConfigurations = (
				745E3AD71AA654F000A2745F /* Debug */,
				745E3AD81AA654F000A2745F /* Release */,
			);
			defaultConfigurationIsVisible = 0;
		};
/* End XCConfigurationList section */
	};
	rootObject = 745E3AAC1AA654F000A2745F /* Project object */;
}
